
Microsoft Visual Studio Solution File, Format Version 12.00
# Visual Studio Version 17
VisualStudioVersion = 17.1.32328.378
MinimumVisualStudioVersion = 10.0.40219.1
Project("{9A19103F-16F7-4668-BE54-9A1E7A4F7556}") = "Ultra_Launcher", "Ultra_Launcher.csproj", "{C9C17354-9D5C-48F6-B476-0A692309E2DF}"
EndProject
Global
	GlobalSection(SolutionConfigurationPlatforms) = preSolution
		Debug|Any CPU = Debug|Any CPU
		Release|Any CPU = Release|Any CPU
	EndGlobalSection
	GlobalSection(ProjectConfigurationPlatforms) = postSolution
		{C9C17354-9D5C-48F6-B476-0A692309E2DF}.Debug|Any CPU.ActiveCfg = Debug|Any CPU
		{C9C17354-9D5C-48F6-B476-0A692309E2DF}.Debug|Any CPU.Build.0 = Debug|Any CPU
		{C9C17354-9D5C-48F6-B476-0A692309E2DF}.Release|Any CPU.ActiveCfg = Release|Any CPU
		{C9C17354-9D5C-48F6-B476-0A692309E2DF}.Release|Any CPU.Build.0 = Release|Any CPU
	EndGlobalSection
	GlobalSection(SolutionProperties) = preSolution
		HideSolutionNode = FALSE
	EndGlobalSection
	GlobalSection(ExtensibilityGlobals) = postSolution
		SolutionGuid = {D65EE9C1-ACD1-4217-90B2-73FCD5DE66C9}
	EndGlobalSection
EndGlobal
